// !$*UTF8*$!
{
	archiveVersion = 1;
	classes = {
	};
	objectVersion = 55;
	objects = {

/* Begin PBXBuildFile section */
		462D41D12755F9EE00AC24E7 /* WorldCinemaApp.swift in Sources */ = {isa = PBXBuildFile; fileRef = 462D41D02755F9EE00AC24E7 /* WorldCinemaApp.swift */; };
		462D41D32755F9EE00AC24E7 /* ContentView.swift in Sources */ = {isa = PBXBuildFile; fileRef = 462D41D22755F9EE00AC24E7 /* ContentView.swift */; };
		462D41D52755F9F300AC24E7 /* Assets.xcassets in Resources */ = {isa = PBXBuildFile; fileRef = 462D41D42755F9F300AC24E7 /* Assets.xcassets */; };
		462D41D82755F9F300AC24E7 /* Preview Assets.xcassets in Resources */ = {isa = PBXBuildFile; fileRef = 462D41D72755F9F300AC24E7 /* Preview Assets.xcassets */; };
		462D41DF2755FA8B00AC24E7 /* Launch Screen.storyboard in Resources */ = {isa = PBXBuildFile; fileRef = 462D41DE2755FA8B00AC24E7 /* Launch Screen.storyboard */; };
		462D41E22756188400AC24E7 /* Alamofire in Frameworks */ = {isa = PBXBuildFile; productRef = 462D41E12756188400AC24E7 /* Alamofire */; };
		462D41E5275618E300AC24E7 /* MainModule.swift in Sources */ = {isa = PBXBuildFile; fileRef = 462D41E4275618E300AC24E7 /* MainModule.swift */; };
		466F75BD27575D850007BDD8 /* Session2.swift in Sources */ = {isa = PBXBuildFile; fileRef = 466F75BC27575D850007BDD8 /* Session2.swift */; };
		466F75C02757604B0007BDD8 /* Kingfisher in Frameworks */ = {isa = PBXBuildFile; productRef = 466F75BF2757604B0007BDD8 /* Kingfisher */; };
		46870CC1275F2A7500655840 /* Session1.swift in Sources */ = {isa = PBXBuildFile; fileRef = 46870CC0275F2A7500655840 /* Session1.swift */; };
		46870CC3275F2AE000655840 /* Session3.swift in Sources */ = {isa = PBXBuildFile; fileRef = 46870CC2275F2AE000655840 /* Session3.swift */; };
		46870CC5275F457F00655840 /* ViewModule.swift in Sources */ = {isa = PBXBuildFile; fileRef = 46870CC4275F457F00655840 /* ViewModule.swift */; };
/* End PBXBuildFile section */

/* Begin PBXFileReference section */
		462D41CD2755F9EE00AC24E7 /* WorldCinema.app */ = {isa = PBXFileReference; explicitFileType = wrapper.application; includeInIndex = 0; path = WorldCinema.app; sourceTree = BUILT_PRODUCTS_DIR; };
		462D41D02755F9EE00AC24E7 /* WorldCinemaApp.swift */ = {isa = PBXFileReference; lastKnownFileType = sourcecode.swift; path = WorldCinemaApp.swift; sourceTree = "<group>"; };
		462D41D22755F9EE00AC24E7 /* ContentView.swift */ = {isa = PBXFileReference; lastKnownFileType = sourcecode.swift; path = ContentView.swift; sourceTree = "<group>"; };
		462D41D42755F9F300AC24E7 /* Assets.xcassets */ = {isa = PBXFileReference; lastKnownFileType = folder.assetcatalog; path = Assets.xcassets; sourceTree = "<group>"; };
		462D41D72755F9F300AC24E7 /* Preview Assets.xcassets */ = {isa = PBXFileReference; lastKnownFileType = folder.assetcatalog; path = "Preview Assets.xcassets"; sourceTree = "<group>"; };
		462D41DE2755FA8B00AC24E7 /* Launch Screen.storyboard */ = {isa = PBXFileReference; lastKnownFileType = file.storyboard; path = "Launch Screen.storyboard"; sourceTree = "<group>"; };
		462D41E4275618E300AC24E7 /* MainModule.swift */ = {isa = PBXFileReference; lastKnownFileType = sourcecode.swift; path = MainModule.swift; sourceTree = "<group>"; };
		462D41E92756280000AC24E7 /* Info.plist */ = {isa = PBXFileReference; lastKnownFileType = text.plist; path = Info.plist; sourceTree = "<group>"; };
		466F75BC27575D850007BDD8 /* Session2.swift */ = {isa = PBXFileReference; lastKnownFileType = sourcecode.swift; path = Session2.swift; sourceTree = "<group>"; };
		46870CC0275F2A7500655840 /* Session1.swift */ = {isa = PBXFileReference; fileEncoding = 4; lastKnownFileType = sourcecode.swift; path = Session1.swift; sourceTree = "<group>"; };
		46870CC2275F2AE000655840 /* Session3.swift */ = {isa = PBXFileReference; lastKnownFileType = sourcecode.swift; path = Session3.swift; sourceTree = "<group>"; };
		46870CC4275F457F00655840 /* ViewModule.swift */ = {isa = PBXFileReference; lastKnownFileType = sourcecode.swift; path = ViewModule.swift; sourceTree = "<group>"; };
/* End PBXFileReference section */

/* Begin PBXFrameworksBuildPhase section */
		462D41CA2755F9EE00AC24E7 /* Frameworks */ = {
			isa = PBXFrameworksBuildPhase;
			buildActionMask = 2147483647;
			files = (
				466F75C02757604B0007BDD8 /* Kingfisher in Frameworks */,
				462D41E22756188400AC24E7 /* Alamofire in Frameworks */,
			);
			runOnlyForDeploymentPostprocessing = 0;
		};
/* End PBXFrameworksBuildPhase section */

/* Begin PBXGroup section */
		462D41C42755F9EE00AC24E7 = {
			isa = PBXGroup;
			children = (
				462D41CF2755F9EE00AC24E7 /* WorldCinema */,
				462D41CE2755F9EE00AC24E7 /* Products */,
			);
			sourceTree = "<group>";
		};
		462D41CE2755F9EE00AC24E7 /* Products */ = {
			isa = PBXGroup;
			children = (
				462D41CD2755F9EE00AC24E7 /* WorldCinema.app */,
			);
			name = Products;
			sourceTree = "<group>";
		};
		462D41CF2755F9EE00AC24E7 /* WorldCinema */ = {
			isa = PBXGroup;
			children = (
				462D41E92756280000AC24E7 /* Info.plist */,
				462D41E3275618B000AC24E7 /* View */,
				462D41D02755F9EE00AC24E7 /* WorldCinemaApp.swift */,
				462D41D22755F9EE00AC24E7 /* ContentView.swift */,
				462D41D42755F9F300AC24E7 /* Assets.xcassets */,
				462D41D62755F9F300AC24E7 /* Preview Content */,
				462D41DE2755FA8B00AC24E7 /* Launch Screen.storyboard */,
			);
			path = WorldCinema;
			sourceTree = "<group>";
		};
		462D41D62755F9F300AC24E7 /* Preview Content */ = {
			isa = PBXGroup;
			children = (
				462D41D72755F9F300AC24E7 /* Preview Assets.xcassets */,
			);
			path = "Preview Content";
			sourceTree = "<group>";
		};
		462D41E3275618B000AC24E7 /* View */ = {
			isa = PBXGroup;
			children = (
				462D41E4275618E300AC24E7 /* MainModule.swift */,
				46870CC0275F2A7500655840 /* Session1.swift */,
				466F75BC27575D850007BDD8 /* Session2.swift */,
				46870CC2275F2AE000655840 /* Session3.swift */,
				46870CC4275F457F00655840 /* ViewModule.swift */,
			);
			path = View;
			sourceTree = "<group>";
		};
/* End PBXGroup section */

/* Begin PBXNativeTarget section */
		462D41CC2755F9EE00AC24E7 /* WorldCinema */ = {
			isa = PBXNativeTarget;
			buildConfigurationList = 462D41DB2755F9F300AC24E7 /* Build configuration list for PBXNativeTarget "WorldCinema" */;
			buildPhases = (
				462D41C92755F9EE00AC24E7 /* Sources */,
				462D41CA2755F9EE00AC24E7 /* Frameworks */,
				462D41CB2755F9EE00AC24E7 /* Resources */,
			);
			buildRules = (
			);
			dependencies = (
			);
			name = WorldCinema;
			packageProductDependencies = (
				462D41E12756188400AC24E7 /* Alamofire */,
				466F75BF2757604B0007BDD8 /* Kingfisher */,
			);
			productName = WorldCinema;
			productReference = 462D41CD2755F9EE00AC24E7 /* WorldCinema.app */;
			productType = "com.apple.product-type.application";
		};
/* End PBXNativeTarget section */

/* Begin PBXProject section */
		462D41C52755F9EE00AC24E7 /* Project object */ = {
			isa = PBXProject;
			attributes = {
				BuildIndependentTargetsInParallel = 1;
				LastSwiftUpdateCheck = 1310;
				LastUpgradeCheck = 1310;
				TargetAttributes = {
					462D41CC2755F9EE00AC24E7 = {
						CreatedOnToolsVersion = 13.1;
					};
				};
			};
			buildConfigurationList = 462D41C82755F9EE00AC24E7 /* Build configuration list for PBXProject "WorldCinema" */;
			compatibilityVersion = "Xcode 13.0";
			developmentRegion = en;
			hasScannedForEncodings = 0;
			knownRegions = (
				en,
				Base,
			);
			mainGroup = 462D41C42755F9EE00AC24E7;
			packageReferences = (
				462D41E02756188300AC24E7 /* XCRemoteSwiftPackageReference "Alamofire" */,
				466F75BE2757604B0007BDD8 /* XCRemoteSwiftPackageReference "Kingfisher" */,
			);
			productRefGroup = 462D41CE2755F9EE00AC24E7 /* Products */;
			projectDirPath = "";
			projectRoot = "";
			targets = (
				462D41CC2755F9EE00AC24E7 /* WorldCinema */,
			);
		};
/* End PBXProject section */

/* Begin PBXResourcesBuildPhase section */
		462D41CB2755F9EE00AC24E7 /* Resources */ = {
			isa = PBXResourcesBuildPhase;
			buildActionMask = 2147483647;
			files = (
				462D41DF2755FA8B00AC24E7 /* Launch Screen.storyboard in Resources */,
				462D41D82755F9F300AC24E7 /* Preview Assets.xcassets in Resources */,
				462D41D52755F9F300AC24E7 /* Assets.xcassets in Resources */,
			);
			runOnlyForDeploymentPostprocessing = 0;
		};
/* End PBXResourcesBuildPhase section */

/* Begin PBXSourcesBuildPhase section */
		462D41C92755F9EE00AC24E7 /* Sources */ = {
			isa = PBXSourcesBuildPhase;
			buildActionMask = 2147483647;
			files = (
				462D41D32755F9EE00AC24E7 /* ContentView.swift in Sources */,
				466F75BD27575D850007BDD8 /* Session2.swift in Sources */,
				46870CC3275F2AE000655840 /* Session3.swift in Sources */,
				46870CC5275F457F00655840 /* ViewModule.swift in Sources */,
				46870CC1275F2A7500655840 /* Session1.swift in Sources */,
				462D41E5275618E300AC24E7 /* MainModule.swift in Sources */,
				462D41D12755F9EE00AC24E7 /* WorldCinemaApp.swift in Sources */,
			);
			runOnlyForDeploymentPostprocessing = 0;
		};
/* End PBXSourcesBuildPhase section */

/* Begin XCBuildConfiguration section */
		462D41D92755F9F300AC24E7 /* Debug */ = {
			isa = XCBuildConfiguration;
			buildSettings = {
				ALWAYS_SEARCH_USER_PATHS = NO;
				CLANG_ANALYZER_NONNULL = YES;
				CLANG_ANALYZER_NUMBER_OBJECT_CONVERSION = YES_AGGRESSIVE;
				CLANG_CXX_LANGUAGE_STANDARD = "gnu++17";
				CLANG_CXX_LIBRARY = "libc++";
				CLANG_ENABLE_MODULES = YES;
				CLANG_ENABLE_OBJC_ARC = YES;
				CLANG_ENABLE_OBJC_WEAK = YES;
				CLANG_WARN_BLOCK_CAPTURE_AUTORELEASING = YES;
				CLANG_WARN_BOOL_CONVERSION = YES;
				CLANG_WARN_COMMA = YES;
				CLANG_WARN_CONSTANT_CONVERSION = YES;
				CLANG_WARN_DEPRECATED_OBJC_IMPLEMENTATIONS = YES;
				CLANG_WARN_DIRECT_OBJC_ISA_USAGE = YES_ERROR;
				CLANG_WARN_DOCUMENTATION_COMMENTS = YES;
				CLANG_WARN_EMPTY_BODY = YES;
				CLANG_WARN_ENUM_CONVERSION = YES;
				CLANG_WARN_INFINITE_RECURSION = YES;
				CLANG_WARN_INT_CONVERSION = YES;
				CLANG_WARN_NON_LITERAL_NULL_CONVERSION = YES;
				CLANG_WARN_OBJC_IMPLICIT_RETAIN_SELF = YES;
				CLANG_WARN_OBJC_LITERAL_CONVERSION = YES;
				CLANG_WARN_OBJC_ROOT_CLASS = YES_ERROR;
				CLANG_WARN_QUOTED_INCLUDE_IN_FRAMEWORK_HEADER = YES;
				CLANG_WARN_RANGE_LOOP_ANALYSIS = YES;
				CLANG_WARN_STRICT_PROTOTYPES = YES;
				CLANG_WARN_SUSPICIOUS_MOVE = YES;
				CLANG_WARN_UNGUARDED_AVAILABILITY = YES_AGGRESSIVE;
				CLANG_WARN_UNREACHABLE_CODE = YES;
				CLANG_WARN__DUPLICATE_METHOD_MATCH = YES;
				COPY_PHASE_STRIP = NO;
				DEBUG_INFORMATION_FORMAT = dwarf;
				ENABLE_STRICT_OBJC_MSGSEND = YES;
				ENABLE_TESTABILITY = YES;
				GCC_C_LANGUAGE_STANDARD = gnu11;
				GCC_DYNAMIC_NO_PIC = NO;
				GCC_NO_COMMON_BLOCKS = YES;
				GCC_OPTIMIZATION_LEVEL = 0;
				GCC_PREPROCESSOR_DEFINITIONS = (
					"DEBUG=1",
					"$(inherited)",
				);
				GCC_WARN_64_TO_32_BIT_CONVERSION = YES;
				GCC_WARN_ABOUT_RETURN_TYPE = YES_ERROR;
				GCC_WARN_UNDECLARED_SELECTOR = YES;
				GCC_WARN_UNINITIALIZED_AUTOS = YES_AGGRESSIVE;
				GCC_WARN_UNUSED_FUNCTION = YES;
				GCC_WARN_UNUSED_VARIABLE = YES;
				IPHONEOS_DEPLOYMENT_TARGET = 15.0;
				MTL_ENABLE_DEBUG_INFO = INCLUDE_SOURCE;
				MTL_FAST_MATH = YES;
				ONLY_ACTIVE_ARCH = YES;
				SDKROOT = iphoneos;
				SWIFT_ACTIVE_COMPILATION_CONDITIONS = DEBUG;
				SWIFT_OPTIMIZATION_LEVEL = "-Onone";
			};
			name = Debug;
		};
		462D41DA2755F9F300AC24E7 /* Release */ = {
			isa = XCBuildConfiguration;
			buildSettings = {
				ALWAYS_SEARCH_USER_PATHS = NO;
				CLANG_ANALYZER_NONNULL = YES;
				CLANG_ANALYZER_NUMBER_OBJECT_CONVERSION = YES_AGGRESSIVE;
				CLANG_CXX_LANGUAGE_STANDARD = "gnu++17";
				CLANG_CXX_LIBRARY = "libc++";
				CLANG_ENABLE_MODULES = YES;
				CLANG_ENABLE_OBJC_ARC = YES;
				CLANG_ENABLE_OBJC_WEAK = YES;
				CLANG_WARN_BLOCK_CAPTURE_AUTORELEASING = YES;
				CLANG_WARN_BOOL_CONVERSION = YES;
				CLANG_WARN_COMMA = YES;
				CLANG_WARN_CONSTANT_CONVERSION = YES;
				CLANG_WARN_DEPRECATED_OBJC_IMPLEMENTATIONS = YES;
				CLANG_WARN_DIRECT_OBJC_ISA_USAGE = YES_ERROR;
				CLANG_WARN_DOCUMENTATION_COMMENTS = YES;
				CLANG_WARN_EMPTY_BODY = YES;
				CLANG_WARN_ENUM_CONVERSION = YES;
				CLANG_WARN_INFINITE_RECURSION = YES;
				CLANG_WARN_INT_CONVERSION = YES;
				CLANG_WARN_NON_LITERAL_NULL_CONVERSION = YES;
				CLANG_WARN_OBJC_IMPLICIT_RETAIN_SELF = YES;
				CLANG_WARN_OBJC_LITERAL_CONVERSION = YES;
				CLANG_WARN_OBJC_ROOT_CLASS = YES_ERROR;
				CLANG_WARN_QUOTED_INCLUDE_IN_FRAMEWORK_HEADER = YES;
				CLANG_WARN_RANGE_LOOP_ANALYSIS = YES;
				CLANG_WARN_STRICT_PROTOTYPES = YES;
				CLANG_WARN_SUSPICIOUS_MOVE = YES;
				CLANG_WARN_UNGUARDED_AVAILABILITY = YES_AGGRESSIVE;
				CLANG_WARN_UNREACHABLE_CODE = YES;
				CLANG_WARN__DUPLICATE_METHOD_MATCH = YES;
				COPY_PHASE_STRIP = NO;
				DEBUG_INFORMATION_FORMAT = "dwarf-with-dsym";
				ENABLE_NS_ASSERTIONS = NO;
				ENABLE_STRICT_OBJC_MSGSEND = YES;
				GCC_C_LANGUAGE_STANDARD = gnu11;
				GCC_NO_COMMON_BLOCKS = YES;
				GCC_WARN_64_TO_32_BIT_CONVERSION = YES;
				GCC_WARN_ABOUT_RETURN_TYPE = YES_ERROR;
				GCC_WARN_UNDECLARED_SELECTOR = YES;
				GCC_WARN_UNINITIALIZED_AUTOS = YES_AGGRESSIVE;
				GCC_WARN_UNUSED_FUNCTION = YES;
				GCC_WARN_UNUSED_VARIABLE = YES;
				IPHONEOS_DEPLOYMENT_TARGET = 15.0;
				MTL_ENABLE_DEBUG_INFO = NO;
				MTL_FAST_MATH = YES;
				SDKROOT = iphoneos;
				SWIFT_COMPILATION_MODE = wholemodule;
				SWIFT_OPTIMIZATION_LEVEL = "-O";
				VALIDATE_PRODUCT = YES;
			};
			name = Release;
		};
		462D41DC2755F9F300AC24E7 /* Debug */ = {
			isa = XCBuildConfiguration;
			buildSettings = {
				ASSETCATALOG_COMPILER_APPICON_NAME = AppIcon;
				ASSETCATALOG_COMPILER_GLOBAL_ACCENT_COLOR_NAME = AccentColor;
				CODE_SIGN_STYLE = Automatic;
				CURRENT_PROJECT_VERSION = 1;
				DEVELOPMENT_ASSET_PATHS = "\"WorldCinema/Preview Content\"";
				DEVELOPMENT_TEAM = 67QT83XCS4;
				ENABLE_PREVIEWS = YES;
				GENERATE_INFOPLIST_FILE = YES;
				INFOPLIST_FILE = WorldCinema/Info.plist;
				INFOPLIST_KEY_UIApplicationSceneManifest_Generation = YES;
				INFOPLIST_KEY_UIApplicationSupportsIndirectInputEvents = YES;
				INFOPLIST_KEY_UILaunchScreen_Generation = YES;
				INFOPLIST_KEY_UISupportedInterfaceOrientations_iPad = "UIInterfaceOrientationPortrait UIInterfaceOrientationPortraitUpsideDown UIInterfaceOrientationLandscapeLeft UIInterfaceOrientationLandscapeRight";
				INFOPLIST_KEY_UISupportedInterfaceOrientations_iPhone = "UIInterfaceOrientationPortrait UIInterfaceOrientationLandscapeLeft UIInterfaceOrientationLandscapeRight";
				IPHONEOS_DEPLOYMENT_TARGET = 15.0;
				LD_RUNPATH_SEARCH_PATHS = (
					"$(inherited)",
					"@executable_path/Frameworks",
				);
				MARKETING_VERSION = 1.0;
				PRODUCT_BUNDLE_IDENTIFIER = iuhugh.WorldCinema;
				PRODUCT_NAME = "$(TARGET_NAME)";
				SWIFT_EMIT_LOC_STRINGS = YES;
				SWIFT_VERSION = 5.0;
				TARGETED_DEVICE_FAMILY = "1,2";
			};
			name = Debug;
		};
		462D41DD2755F9F300AC24E7 /* Release */ = {
			isa = XCBuildConfiguration;
			buildSettings = {
				ASSETCATALOG_COMPILER_APPICON_NAME = AppIcon;
				ASSETCATALOG_COMPILER_GLOBAL_ACCENT_COLOR_NAME = AccentColor;
				CODE_SIGN_STYLE = Automatic;
				CURRENT_PROJECT_VERSION = 1;
				DEVELOPMENT_ASSET_PATHS = "\"WorldCinema/Preview Content\"";
				DEVELOPMENT_TEAM = 67QT83XCS4;
				ENABLE_PREVIEWS = YES;
				GENERATE_INFOPLIST_FILE = YES;
				INFOPLIST_FILE = WorldCinema/Info.plist;
				INFOPLIST_KEY_UIApplicationSceneManifest_Generation = YES;
				INFOPLIST_KEY_UIApplicationSupportsIndirectInputEvents = YES;
				INFOPLIST_KEY_UILaunchScreen_Generation = YES;
				INFOPLIST_KEY_UISupportedInterfaceOrientations_iPad = "UIInterfaceOrientationPortrait UIInterfaceOrientationPortraitUpsideDown UIInterfaceOrientationLandscapeLeft UIInterfaceOrientationLandscapeRight";
				INFOPLIST_KEY_UISupportedInterfaceOrientations_iPhone = "UIInterfaceOrientationPortrait UIInterfaceOrientationLandscapeLeft UIInterfaceOrientationLandscapeRight";
				IPHONEOS_DEPLOYMENT_TARGET = 15.0;
				LD_RUNPATH_SEARCH_PATHS = (
					"$(inherited)",
					"@executable_path/Frameworks",
				);
				MARKETING_VERSION = 1.0;
				PRODUCT_BUNDLE_IDENTIFIER = iuhugh.WorldCinema;
				PRODUCT_NAME = "$(TARGET_NAME)";
				SWIFT_EMIT_LOC_STRINGS = YES;
				SWIFT_VERSION = 5.0;
				TARGETED_DEVICE_FAMILY = "1,2";
			};
			name = Release;
		};
/* End XCBuildConfiguration section */

/* Begin XCConfigurationList section */
		462D41C82755F9EE00AC24E7 /* Build configuration list for PBXProject "WorldCinema" */ = {
			isa = XCConfigurationList;
			buildConfigurations = (
				462D41D92755F9F300AC24E7 /* Debug */,
				462D41DA2755F9F300AC24E7 /* Release */,
			);
			defaultConfigurationIsVisible = 0;
			defaultConfigurationName = Release;
		};
		462D41DB2755F9F300AC24E7 /* Build configuration list for PBXNativeTarget "WorldCinema" */ = {
			isa = XCConfigurationList;
			buildConfigurations = (
				462D41DC2755F9F300AC24E7 /* Debug */,
				462D41DD2755F9F300AC24E7 /* Release */,
			);
			defaultConfigurationIsVisible = 0;
			defaultConfigurationName = Release;
		};
/* End XCConfigurationList section */

/* Begin XCRemoteSwiftPackageReference section */
		462D41E02756188300AC24E7 /* XCRemoteSwiftPackageReference "Alamofire" */ = {
			isa = XCRemoteSwiftPackageReference;
			repositoryURL = "https://github.com/Alamofire/Alamofire.git";
			requirement = {
				kind = upToNextMajorVersion;
				minimumVersion = 5.0.0;
			};
		};
		466F75BE2757604B0007BDD8 /* XCRemoteSwiftPackageReference "Kingfisher" */ = {
			isa = XCRemoteSwiftPackageReference;
			repositoryURL = "https://github.com/onevcat/Kingfisher.git";
			requirement = {
				kind = upToNextMajorVersion;
				minimumVersion = 7.0.0;
			};
		};
/* End XCRemoteSwiftPackageReference section */

/* Begin XCSwiftPackageProductDependency section */
		462D41E12756188400AC24E7 /* Alamofire */ = {
			isa = XCSwiftPackageProductDependency;
			package = 462D41E02756188300AC24E7 /* XCRemoteSwiftPackageReference "Alamofire" */;
			productName = Alamofire;
		};
		466F75BF2757604B0007BDD8 /* Kingfisher */ = {
			isa = XCSwiftPackageProductDependency;
			package = 466F75BE2757604B0007BDD8 /* XCRemoteSwiftPackageReference "Kingfisher" */;
			productName = Kingfisher;
		};
/* End XCSwiftPackageProductDependency section */
	};
	rootObject = 462D41C52755F9EE00AC24E7 /* Project object */;
}
