{
  "object": {
    "pins": [
      {
        "package": "Alamofire",
        "repositoryURL": "https://github.com/Alamofire/Alamofire.git",
        "state": {
          "branch": "master",
          "revision": "65b77694905b0dea7e419b2f74b1e5dc037094b5",
          "version": null
        }
      },
      {
        "package": "Kingfisher",
        "repositoryURL": "https://github.com/onevcat/Kingfisher.git",
        "state": {
          "branch": "master",
          "revision": "c874e5ef178a65b6a2b6a04d5981652d4fa95e22",
          "version": null
        }
      }
    ]
  },
  "version": 1
}
